
Microsoft Visual Studio Solution File, Format Version 12.00
# Visual Studio 14
VisualStudioVersion = 14.0.25420.1
MinimumVisualStudioVersion = 10.0.40219.1
Project("{FAE04EC0-301F-11D3-BF4B-00C04F79EFBC}") = "ContentCollector", "ContentCollector\ContentCollector\ContentCollector.csproj", "{29CD22BA-31B6-4A2F-8374-CED2187E6D34}"
EndProject
Project("{FAE04EC0-301F-11D3-BF4B-00C04F79EFBC}") = "ContentCollector.Droid", "ContentCollector\ContentCollector.Droid\ContentCollector.Droid.csproj", "{BDC12261-77C1-4ED5-A2C6-050000C3886F}"
EndProject
Project("{FAE04EC0-301F-11D3-BF4B-00C04F79EFBC}") = "ContentCollector.iOS", "ContentCollector\ContentCollector.iOS\ContentCollector.iOS.csproj", "{87BEE6C1-9036-43C7-961A-A117B5A3C4FC}"
EndProject
Project("{FAE04EC0-301F-11D3-BF4B-00C04F79EFBC}") = "ContentCollector.UWP", "ContentCollector\ContentCollector.UWP\ContentCollector.UWP.csproj", "{7968998D-B65B-493C-AEB3-499533D49ED1}"
EndProject
Global
	GlobalSection(SolutionConfigurationPlatforms) = preSolution
		Ad-Hoc|Any CPU = Ad-Hoc|Any CPU
		Ad-Hoc|ARM = Ad-Hoc|ARM
		Ad-Hoc|iPhone = Ad-Hoc|iPhone
		Ad-Hoc|iPhoneSimulator = Ad-Hoc|iPhoneSimulator
		Ad-Hoc|x64 = Ad-Hoc|x64
		Ad-Hoc|x86 = Ad-Hoc|x86
		AppStore|Any CPU = AppStore|Any CPU
		AppStore|ARM = AppStore|ARM
		AppStore|iPhone = AppStore|iPhone
		AppStore|iPhoneSimulator = AppStore|iPhoneSimulator
		AppStore|x64 = AppStore|x64
		AppStore|x86 = AppStore|x86
		Debug|Any CPU = Debug|Any CPU
		Debug|ARM = Debug|ARM
		Debug|iPhone = Debug|iPhone
		Debug|iPhoneSimulator = Debug|iPhoneSimulator
		Debug|x64 = Debug|x64
		Debug|x86 = Debug|x86
		Release|Any CPU = Release|Any CPU
		Release|ARM = Release|ARM
		Release|iPhone = Release|iPhone
		Release|iPhoneSimulator = Release|iPhoneSimulator
		Release|x64 = Release|x64
		Release|x86 = Release|x86
	EndGlobalSection
	GlobalSection(ProjectConfigurationPlatforms) = postSolution
		{29CD22BA-31B6-4A2F-8374-CED2187E6D34}.Ad-Hoc|Any CPU.ActiveCfg = Release|Any CPU
		{29CD22BA-31B6-4A2F-8374-CED2187E6D34}.Ad-Hoc|Any CPU.Build.0 = Release|Any CPU
		{29CD22BA-31B6-4A2F-8374-CED2187E6D34}.Ad-Hoc|ARM.ActiveCfg = Release|Any CPU
		{29CD22BA-31B6-4A2F-8374-CED2187E6D34}.Ad-Hoc|ARM.Build.0 = Release|Any CPU
		{29CD22BA-31B6-4A2F-8374-CED2187E6D34}.Ad-Hoc|iPhone.ActiveCfg = Release|Any CPU
		{29CD22BA-31B6-4A2F-8374-CED2187E6D34}.Ad-Hoc|iPhone.Build.0 = Release|Any CPU
		{29CD22BA-31B6-4A2F-8374-CED2187E6D34}.Ad-Hoc|iPhoneSimulator.ActiveCfg = Release|Any CPU
		{29CD22BA-31B6-4A2F-8374-CED2187E6D34}.Ad-Hoc|iPhoneSimulator.Build.0 = Release|Any CPU
		{29CD22BA-31B6-4A2F-8374-CED2187E6D34}.Ad-Hoc|x64.ActiveCfg = Release|Any CPU
		{29CD22BA-31B6-4A2F-8374-CED2187E6D34}.Ad-Hoc|x64.Build.0 = Release|Any CPU
		{29CD22BA-31B6-4A2F-8374-CED2187E6D34}.Ad-Hoc|x86.ActiveCfg = Release|Any CPU
		{29CD22BA-31B6-4A2F-8374-CED2187E6D34}.Ad-Hoc|x86.Build.0 = Release|Any CPU
		{29CD22BA-31B6-4A2F-8374-CED2187E6D34}.AppStore|Any CPU.ActiveCfg = Release|Any CPU
		{29CD22BA-31B6-4A2F-8374-CED2187E6D34}.AppStore|Any CPU.Build.0 = Release|Any CPU
		{29CD22BA-31B6-4A2F-8374-CED2187E6D34}.AppStore|ARM.ActiveCfg = Release|Any CPU
		{29CD22BA-31B6-4A2F-8374-CED2187E6D34}.AppStore|ARM.Build.0 = Release|Any CPU
		{29CD22BA-31B6-4A2F-8374-CED2187E6D34}.AppStore|iPhone.ActiveCfg = Release|Any CPU
		{29CD22BA-31B6-4A2F-8374-CED2187E6D34}.AppStore|iPhone.Build.0 = Release|Any CPU
		{29CD22BA-31B6-4A2F-8374-CED2187E6D34}.AppStore|iPhoneSimulator.ActiveCfg = Release|Any CPU
		{29CD22BA-31B6-4A2F-8374-CED2187E6D34}.AppStore|iPhoneSimulator.Build.0 = Release|Any CPU
		{29CD22BA-31B6-4A2F-8374-CED2187E6D34}.AppStore|x64.ActiveCfg = Release|Any CPU
		{29CD22BA-31B6-4A2F-8374-CED2187E6D34}.AppStore|x64.Build.0 = Release|Any CPU
		{29CD22BA-31B6-4A2F-8374-CED2187E6D34}.AppStore|x86.ActiveCfg = Release|Any CPU
		{29CD22BA-31B6-4A2F-8374-CED2187E6D34}.AppStore|x86.Build.0 = Release|Any CPU
		{29CD22BA-31B6-4A2F-8374-CED2187E6D34}.Debug|Any CPU.ActiveCfg = Debug|Any CPU
		{29CD22BA-31B6-4A2F-8374-CED2187E6D34}.Debug|Any CPU.Build.0 = Debug|Any CPU
		{29CD22BA-31B6-4A2F-8374-CED2187E6D34}.Debug|ARM.ActiveCfg = Debug|Any CPU
		{29CD22BA-31B6-4A2F-8374-CED2187E6D34}.Debug|ARM.Build.0 = Debug|Any CPU
		{29CD22BA-31B6-4A2F-8374-CED2187E6D34}.Debug|iPhone.ActiveCfg = Debug|Any CPU
		{29CD22BA-31B6-4A2F-8374-CED2187E6D34}.Debug|iPhone.Build.0 = Debug|Any CPU
		{29CD22BA-31B6-4A2F-8374-CED2187E6D34}.Debug|iPhoneSimulator.ActiveCfg = Debug|Any CPU
		{29CD22BA-31B6-4A2F-8374-CED2187E6D34}.Debug|iPhoneSimulator.Build.0 = Debug|Any CPU
		{29CD22BA-31B6-4A2F-8374-CED2187E6D34}.Debug|x64.ActiveCfg = Debug|Any CPU
		{29CD22BA-31B6-4A2F-8374-CED2187E6D34}.Debug|x64.Build.0 = Debug|Any CPU
		{29CD22BA-31B6-4A2F-8374-CED2187E6D34}.Debug|x86.ActiveCfg = Debug|Any CPU
		{29CD22BA-31B6-4A2F-8374-CED2187E6D34}.Debug|x86.Build.0 = Debug|Any CPU
		{29CD22BA-31B6-4A2F-8374-CED2187E6D34}.Release|Any CPU.ActiveCfg = Release|Any CPU
		{29CD22BA-31B6-4A2F-8374-CED2187E6D34}.Release|Any CPU.Build.0 = Release|Any CPU
		{29CD22BA-31B6-4A2F-8374-CED2187E6D34}.Release|ARM.ActiveCfg = Release|Any CPU
		{29CD22BA-31B6-4A2F-8374-CED2187E6D34}.Release|ARM.Build.0 = Release|Any CPU
		{29CD22BA-31B6-4A2F-8374-CED2187E6D34}.Release|iPhone.ActiveCfg = Release|Any CPU
		{29CD22BA-31B6-4A2F-8374-CED2187E6D34}.Release|iPhone.Build.0 = Release|Any CPU
		{29CD22BA-31B6-4A2F-8374-CED2187E6D34}.Release|iPhoneSimulator.ActiveCfg = Release|Any CPU
		{29CD22BA-31B6-4A2F-8374-CED2187E6D34}.Release|iPhoneSimulator.Build.0 = Release|Any CPU
		{29CD22BA-31B6-4A2F-8374-CED2187E6D34}.Release|x64.ActiveCfg = Release|Any CPU
		{29CD22BA-31B6-4A2F-8374-CED2187E6D34}.Release|x64.Build.0 = Release|Any CPU
		{29CD22BA-31B6-4A2F-8374-CED2187E6D34}.Release|x86.ActiveCfg = Release|Any CPU
		{29CD22BA-31B6-4A2F-8374-CED2187E6D34}.Release|x86.Build.0 = Release|Any CPU
		{BDC12261-77C1-4ED5-A2C6-050000C3886F}.Ad-Hoc|Any CPU.ActiveCfg = Release|Any CPU
		{BDC12261-77C1-4ED5-A2C6-050000C3886F}.Ad-Hoc|Any CPU.Build.0 = Release|Any CPU
		{BDC12261-77C1-4ED5-A2C6-050000C3886F}.Ad-Hoc|Any CPU.Deploy.0 = Release|Any CPU
		{BDC12261-77C1-4ED5-A2C6-050000C3886F}.Ad-Hoc|ARM.ActiveCfg = Release|Any CPU
		{BDC12261-77C1-4ED5-A2C6-050000C3886F}.Ad-Hoc|ARM.Build.0 = Release|Any CPU
		{BDC12261-77C1-4ED5-A2C6-050000C3886F}.Ad-Hoc|ARM.Deploy.0 = Release|Any CPU
		{BDC12261-77C1-4ED5-A2C6-050000C3886F}.Ad-Hoc|iPhone.ActiveCfg = Release|Any CPU
		{BDC12261-77C1-4ED5-A2C6-050000C3886F}.Ad-Hoc|iPhone.Build.0 = Release|Any CPU
		{BDC12261-77C1-4ED5-A2C6-050000C3886F}.Ad-Hoc|iPhone.Deploy.0 = Release|Any CPU
		{BDC12261-77C1-4ED5-A2C6-050000C3886F}.Ad-Hoc|iPhoneSimulator.ActiveCfg = Release|Any CPU
		{BDC12261-77C1-4ED5-A2C6-050000C3886F}.Ad-Hoc|iPhoneSimulator.Build.0 = Release|Any CPU
		{BDC12261-77C1-4ED5-A2C6-050000C3886F}.Ad-Hoc|iPhoneSimulator.Deploy.0 = Release|Any CPU
		{BDC12261-77C1-4ED5-A2C6-050000C3886F}.Ad-Hoc|x64.ActiveCfg = Release|Any CPU
		{BDC12261-77C1-4ED5-A2C6-050000C3886F}.Ad-Hoc|x64.Build.0 = Release|Any CPU
		{BDC12261-77C1-4ED5-A2C6-050000C3886F}.Ad-Hoc|x64.Deploy.0 = Release|Any CPU
		{BDC12261-77C1-4ED5-A2C6-050000C3886F}.Ad-Hoc|x86.ActiveCfg = Release|Any CPU
		{BDC12261-77C1-4ED5-A2C6-050000C3886F}.Ad-Hoc|x86.Build.0 = Release|Any CPU
		{BDC12261-77C1-4ED5-A2C6-050000C3886F}.Ad-Hoc|x86.Deploy.0 = Release|Any CPU
		{BDC12261-77C1-4ED5-A2C6-050000C3886F}.AppStore|Any CPU.ActiveCfg = Release|Any CPU
		{BDC12261-77C1-4ED5-A2C6-050000C3886F}.AppStore|Any CPU.Build.0 = Release|Any CPU
		{BDC12261-77C1-4ED5-A2C6-050000C3886F}.AppStore|Any CPU.Deploy.0 = Release|Any CPU
		{BDC12261-77C1-4ED5-A2C6-050000C3886F}.AppStore|ARM.ActiveCfg = Release|Any CPU
		{BDC12261-77C1-4ED5-A2C6-050000C3886F}.AppStore|ARM.Build.0 = Release|Any CPU
		{BDC12261-77C1-4ED5-A2C6-050000C3886F}.AppStore|ARM.Deploy.0 = Release|Any CPU
		{BDC12261-77C1-4ED5-A2C6-050000C3886F}.AppStore|iPhone.ActiveCfg = Release|Any CPU
		{BDC12261-77C1-4ED5-A2C6-050000C3886F}.AppStore|iPhone.Build.0 = Release|Any CPU
		{BDC12261-77C1-4ED5-A2C6-050000C3886F}.AppStore|iPhone.Deploy.0 = Release|Any CPU
		{BDC12261-77C1-4ED5-A2C6-050000C3886F}.AppStore|iPhoneSimulator.ActiveCfg = Release|Any CPU
		{BDC12261-77C1-4ED5-A2C6-050000C3886F}.AppStore|iPhoneSimulator.Build.0 = Release|Any CPU
		{BDC12261-77C1-4ED5-A2C6-050000C3886F}.AppStore|iPhoneSimulator.Deploy.0 = Release|Any CPU
		{BDC12261-77C1-4ED5-A2C6-050000C3886F}.AppStore|x64.ActiveCfg = Release|Any CPU
		{BDC12261-77C1-4ED5-A2C6-050000C3886F}.AppStore|x64.Build.0 = Release|Any CPU
		{BDC12261-77C1-4ED5-A2C6-050000C3886F}.AppStore|x64.Deploy.0 = Release|Any CPU
		{BDC12261-77C1-4ED5-A2C6-050000C3886F}.AppStore|x86.ActiveCfg = Release|Any CPU
		{BDC12261-77C1-4ED5-A2C6-050000C3886F}.AppStore|x86.Build.0 = Release|Any CPU
		{BDC12261-77C1-4ED5-A2C6-050000C3886F}.AppStore|x86.Deploy.0 = Release|Any CPU
		{BDC12261-77C1-4ED5-A2C6-050000C3886F}.Debug|Any CPU.ActiveCfg = Debug|Any CPU
		{BDC12261-77C1-4ED5-A2C6-050000C3886F}.Debug|Any CPU.Build.0 = Debug|Any CPU
		{BDC12261-77C1-4ED5-A2C6-050000C3886F}.Debug|Any CPU.Deploy.0 = Debug|Any CPU
		{BDC12261-77C1-4ED5-A2C6-050000C3886F}.Debug|ARM.ActiveCfg = Debug|Any CPU
		{BDC12261-77C1-4ED5-A2C6-050000C3886F}.Debug|ARM.Build.0 = Debug|Any CPU
		{BDC12261-77C1-4ED5-A2C6-050000C3886F}.Debug|ARM.Deploy.0 = Debug|Any CPU
		{BDC12261-77C1-4ED5-A2C6-050000C3886F}.Debug|iPhone.ActiveCfg = Debug|Any CPU
		{BDC12261-77C1-4ED5-A2C6-050000C3886F}.Debug|iPhone.Build.0 = Debug|Any CPU
		{BDC12261-77C1-4ED5-A2C6-050000C3886F}.Debug|iPhone.Deploy.0 = Debug|Any CPU
		{BDC12261-77C1-4ED5-A2C6-050000C3886F}.Debug|iPhoneSimulator.ActiveCfg = Debug|Any CPU
		{BDC12261-77C1-4ED5-A2C6-050000C3886F}.Debug|iPhoneSimulator.Build.0 = Debug|Any CPU
		{BDC12261-77C1-4ED5-A2C6-050000C3886F}.Debug|iPhoneSimulator.Deploy.0 = Debug|Any CPU
		{BDC12261-77C1-4ED5-A2C6-050000C3886F}.Debug|x64.ActiveCfg = Debug|Any CPU
		{BDC12261-77C1-4ED5-A2C6-050000C3886F}.Debug|x64.Build.0 = Debug|Any CPU
		{BDC12261-77C1-4ED5-A2C6-050000C3886F}.Debug|x64.Deploy.0 = Debug|Any CPU
		{BDC12261-77C1-4ED5-A2C6-050000C3886F}.Debug|x86.ActiveCfg = Debug|Any CPU
		{BDC12261-77C1-4ED5-A2C6-050000C3886F}.Debug|x86.Build.0 = Debug|Any CPU
		{BDC12261-77C1-4ED5-A2C6-050000C3886F}.Debug|x86.Deploy.0 = Debug|Any CPU
		{BDC12261-77C1-4ED5-A2C6-050000C3886F}.Release|Any CPU.ActiveCfg = Release|Any CPU
		{BDC12261-77C1-4ED5-A2C6-050000C3886F}.Release|Any CPU.Build.0 = Release|Any CPU
		{BDC12261-77C1-4ED5-A2C6-050000C3886F}.Release|Any CPU.Deploy.0 = Release|Any CPU
		{BDC12261-77C1-4ED5-A2C6-050000C3886F}.Release|ARM.ActiveCfg = Release|Any CPU
		{BDC12261-77C1-4ED5-A2C6-050000C3886F}.Release|ARM.Build.0 = Release|Any CPU
		{BDC12261-77C1-4ED5-A2C6-050000C3886F}.Release|ARM.Deploy.0 = Release|Any CPU
		{BDC12261-77C1-4ED5-A2C6-050000C3886F}.Release|iPhone.ActiveCfg = Release|Any CPU
		{BDC12261-77C1-4ED5-A2C6-050000C3886F}.Release|iPhone.Build.0 = Release|Any CPU
		{BDC12261-77C1-4ED5-A2C6-050000C3886F}.Release|iPhone.Deploy.0 = Release|Any CPU
		{BDC12261-77C1-4ED5-A2C6-050000C3886F}.Release|iPhoneSimulator.ActiveCfg = Release|Any CPU
		{BDC12261-77C1-4ED5-A2C6-050000C3886F}.Release|iPhoneSimulator.Build.0 = Release|Any CPU
		{BDC12261-77C1-4ED5-A2C6-050000C3886F}.Release|iPhoneSimulator.Deploy.0 = Release|Any CPU
		{BDC12261-77C1-4ED5-A2C6-050000C3886F}.Release|x64.ActiveCfg = Release|Any CPU
		{BDC12261-77C1-4ED5-A2C6-050000C3886F}.Release|x64.Build.0 = Release|Any CPU
		{BDC12261-77C1-4ED5-A2C6-050000C3886F}.Release|x64.Deploy.0 = Release|Any CPU
		{BDC12261-77C1-4ED5-A2C6-050000C3886F}.Release|x86.ActiveCfg = Release|Any CPU
		{BDC12261-77C1-4ED5-A2C6-050000C3886F}.Release|x86.Build.0 = Release|Any CPU
		{BDC12261-77C1-4ED5-A2C6-050000C3886F}.Release|x86.Deploy.0 = Release|Any CPU
		{87BEE6C1-9036-43C7-961A-A117B5A3C4FC}.Ad-Hoc|Any CPU.ActiveCfg = Ad-Hoc|iPhone
		{87BEE6C1-9036-43C7-961A-A117B5A3C4FC}.Ad-Hoc|ARM.ActiveCfg = Ad-Hoc|iPhone
		{87BEE6C1-9036-43C7-961A-A117B5A3C4FC}.Ad-Hoc|iPhone.ActiveCfg = Ad-Hoc|iPhone
		{87BEE6C1-9036-43C7-961A-A117B5A3C4FC}.Ad-Hoc|iPhone.Build.0 = Ad-Hoc|iPhone
		{87BEE6C1-9036-43C7-961A-A117B5A3C4FC}.Ad-Hoc|iPhoneSimulator.ActiveCfg = Ad-Hoc|iPhoneSimulator
		{87BEE6C1-9036-43C7-961A-A117B5A3C4FC}.Ad-Hoc|iPhoneSimulator.Build.0 = Ad-Hoc|iPhoneSimulator
		{87BEE6C1-9036-43C7-961A-A117B5A3C4FC}.Ad-Hoc|x64.ActiveCfg = Ad-Hoc|iPhone
		{87BEE6C1-9036-43C7-961A-A117B5A3C4FC}.Ad-Hoc|x86.ActiveCfg = Ad-Hoc|iPhone
		{87BEE6C1-9036-43C7-961A-A117B5A3C4FC}.AppStore|Any CPU.ActiveCfg = AppStore|iPhone
		{87BEE6C1-9036-43C7-961A-A117B5A3C4FC}.AppStore|ARM.ActiveCfg = AppStore|iPhone
		{87BEE6C1-9036-43C7-961A-A117B5A3C4FC}.AppStore|iPhone.ActiveCfg = AppStore|iPhone
		{87BEE6C1-9036-43C7-961A-A117B5A3C4FC}.AppStore|iPhone.Build.0 = AppStore|iPhone
		{87BEE6C1-9036-43C7-961A-A117B5A3C4FC}.AppStore|iPhoneSimulator.ActiveCfg = AppStore|iPhoneSimulator
		{87BEE6C1-9036-43C7-961A-A117B5A3C4FC}.AppStore|iPhoneSimulator.Build.0 = AppStore|iPhoneSimulator
		{87BEE6C1-9036-43C7-961A-A117B5A3C4FC}.AppStore|x64.ActiveCfg = AppStore|iPhone
		{87BEE6C1-9036-43C7-961A-A117B5A3C4FC}.AppStore|x86.ActiveCfg = AppStore|iPhone
		{87BEE6C1-9036-43C7-961A-A117B5A3C4FC}.Debug|Any CPU.ActiveCfg = Debug|iPhone
		{87BEE6C1-9036-43C7-961A-A117B5A3C4FC}.Debug|ARM.ActiveCfg = Debug|iPhone
		{87BEE6C1-9036-43C7-961A-A117B5A3C4FC}.Debug|iPhone.ActiveCfg = Debug|iPhone
		{87BEE6C1-9036-43C7-961A-A117B5A3C4FC}.Debug|iPhone.Build.0 = Debug|iPhone
		{87BEE6C1-9036-43C7-961A-A117B5A3C4FC}.Debug|iPhoneSimulator.ActiveCfg = Debug|iPhoneSimulator
		{87BEE6C1-9036-43C7-961A-A117B5A3C4FC}.Debug|iPhoneSimulator.Build.0 = Debug|iPhoneSimulator
		{87BEE6C1-9036-43C7-961A-A117B5A3C4FC}.Debug|x64.ActiveCfg = Debug|iPhone
		{87BEE6C1-9036-43C7-961A-A117B5A3C4FC}.Debug|x86.ActiveCfg = Debug|iPhone
		{87BEE6C1-9036-43C7-961A-A117B5A3C4FC}.Release|Any CPU.ActiveCfg = Release|iPhone
		{87BEE6C1-9036-43C7-961A-A117B5A3C4FC}.Release|ARM.ActiveCfg = Release|iPhone
		{87BEE6C1-9036-43C7-961A-A117B5A3C4FC}.Release|iPhone.ActiveCfg = Release|iPhone
		{87BEE6C1-9036-43C7-961A-A117B5A3C4FC}.Release|iPhone.Build.0 = Release|iPhone
		{87BEE6C1-9036-43C7-961A-A117B5A3C4FC}.Release|iPhoneSimulator.ActiveCfg = Release|iPhoneSimulator
		{87BEE6C1-9036-43C7-961A-A117B5A3C4FC}.Release|iPhoneSimulator.Build.0 = Release|iPhoneSimulator
		{87BEE6C1-9036-43C7-961A-A117B5A3C4FC}.Release|x64.ActiveCfg = Release|iPhone
		{87BEE6C1-9036-43C7-961A-A117B5A3C4FC}.Release|x86.ActiveCfg = Release|iPhone
		{7968998D-B65B-493C-AEB3-499533D49ED1}.Ad-Hoc|Any CPU.ActiveCfg = Release|x86
		{7968998D-B65B-493C-AEB3-499533D49ED1}.Ad-Hoc|Any CPU.Build.0 = Release|x86
		{7968998D-B65B-493C-AEB3-499533D49ED1}.Ad-Hoc|Any CPU.Deploy.0 = Release|x86
		{7968998D-B65B-493C-AEB3-499533D49ED1}.Ad-Hoc|ARM.ActiveCfg = Release|ARM
		{7968998D-B65B-493C-AEB3-499533D49ED1}.Ad-Hoc|ARM.Build.0 = Release|ARM
		{7968998D-B65B-493C-AEB3-499533D49ED1}.Ad-Hoc|ARM.Deploy.0 = Release|ARM
		{7968998D-B65B-493C-AEB3-499533D49ED1}.Ad-Hoc|iPhone.ActiveCfg = Release|x86
		{7968998D-B65B-493C-AEB3-499533D49ED1}.Ad-Hoc|iPhone.Build.0 = Release|x86
		{7968998D-B65B-493C-AEB3-499533D49ED1}.Ad-Hoc|iPhone.Deploy.0 = Release|x86
		{7968998D-B65B-493C-AEB3-499533D49ED1}.Ad-Hoc|iPhoneSimulator.ActiveCfg = Release|x86
		{7968998D-B65B-493C-AEB3-499533D49ED1}.Ad-Hoc|iPhoneSimulator.Build.0 = Release|x86
		{7968998D-B65B-493C-AEB3-499533D49ED1}.Ad-Hoc|iPhoneSimulator.Deploy.0 = Release|x86
		{7968998D-B65B-493C-AEB3-499533D49ED1}.Ad-Hoc|x64.ActiveCfg = Release|x64
		{7968998D-B65B-493C-AEB3-499533D49ED1}.Ad-Hoc|x64.Build.0 = Release|x64
		{7968998D-B65B-493C-AEB3-499533D49ED1}.Ad-Hoc|x64.Deploy.0 = Release|x64
		{7968998D-B65B-493C-AEB3-499533D49ED1}.Ad-Hoc|x86.ActiveCfg = Release|x86
		{7968998D-B65B-493C-AEB3-499533D49ED1}.Ad-Hoc|x86.Build.0 = Release|x86
		{7968998D-B65B-493C-AEB3-499533D49ED1}.Ad-Hoc|x86.Deploy.0 = Release|x86
		{7968998D-B65B-493C-AEB3-499533D49ED1}.AppStore|Any CPU.ActiveCfg = Release|x86
		{7968998D-B65B-493C-AEB3-499533D49ED1}.AppStore|Any CPU.Build.0 = Release|x86
		{7968998D-B65B-493C-AEB3-499533D49ED1}.AppStore|Any CPU.Deploy.0 = Release|x86
		{7968998D-B65B-493C-AEB3-499533D49ED1}.AppStore|ARM.ActiveCfg = Release|ARM
		{7968998D-B65B-493C-AEB3-499533D49ED1}.AppStore|ARM.Build.0 = Release|ARM
		{7968998D-B65B-493C-AEB3-499533D49ED1}.AppStore|ARM.Deploy.0 = Release|ARM
		{7968998D-B65B-493C-AEB3-499533D49ED1}.AppStore|iPhone.ActiveCfg = Release|x86
		{7968998D-B65B-493C-AEB3-499533D49ED1}.AppStore|iPhone.Build.0 = Release|x86
		{7968998D-B65B-493C-AEB3-499533D49ED1}.AppStore|iPhone.Deploy.0 = Release|x86
		{7968998D-B65B-493C-AEB3-499533D49ED1}.AppStore|iPhoneSimulator.ActiveCfg = Release|x86
		{7968998D-B65B-493C-AEB3-499533D49ED1}.AppStore|iPhoneSimulator.Build.0 = Release|x86
		{7968998D-B65B-493C-AEB3-499533D49ED1}.AppStore|iPhoneSimulator.Deploy.0 = Release|x86
		{7968998D-B65B-493C-AEB3-499533D49ED1}.AppStore|x64.ActiveCfg = Release|x64
		{7968998D-B65B-493C-AEB3-499533D49ED1}.AppStore|x64.Build.0 = Release|x64
		{7968998D-B65B-493C-AEB3-499533D49ED1}.AppStore|x64.Deploy.0 = Release|x64
		{7968998D-B65B-493C-AEB3-499533D49ED1}.AppStore|x86.ActiveCfg = Release|x86
		{7968998D-B65B-493C-AEB3-499533D49ED1}.AppStore|x86.Build.0 = Release|x86
		{7968998D-B65B-493C-AEB3-499533D49ED1}.AppStore|x86.Deploy.0 = Release|x86
		{7968998D-B65B-493C-AEB3-499533D49ED1}.Debug|Any CPU.ActiveCfg = Debug|x86
		{7968998D-B65B-493C-AEB3-499533D49ED1}.Debug|ARM.ActiveCfg = Debug|ARM
		{7968998D-B65B-493C-AEB3-499533D49ED1}.Debug|ARM.Build.0 = Debug|ARM
		{7968998D-B65B-493C-AEB3-499533D49ED1}.Debug|ARM.Deploy.0 = Debug|ARM
		{7968998D-B65B-493C-AEB3-499533D49ED1}.Debug|iPhone.ActiveCfg = Debug|x86
		{7968998D-B65B-493C-AEB3-499533D49ED1}.Debug|iPhoneSimulator.ActiveCfg = Debug|x86
		{7968998D-B65B-493C-AEB3-499533D49ED1}.Debug|x64.ActiveCfg = Debug|x64
		{7968998D-B65B-493C-AEB3-499533D49ED1}.Debug|x64.Build.0 = Debug|x64
		{7968998D-B65B-493C-AEB3-499533D49ED1}.Debug|x64.Deploy.0 = Debug|x64
		{7968998D-B65B-493C-AEB3-499533D49ED1}.Debug|x86.ActiveCfg = Debug|x86
		{7968998D-B65B-493C-AEB3-499533D49ED1}.Debug|x86.Build.0 = Debug|x86
		{7968998D-B65B-493C-AEB3-499533D49ED1}.Debug|x86.Deploy.0 = Debug|x86
		{7968998D-B65B-493C-AEB3-499533D49ED1}.Release|Any CPU.ActiveCfg = Release|x86
		{7968998D-B65B-493C-AEB3-499533D49ED1}.Release|ARM.ActiveCfg = Release|ARM
		{7968998D-B65B-493C-AEB3-499533D49ED1}.Release|ARM.Build.0 = Release|ARM
		{7968998D-B65B-493C-AEB3-499533D49ED1}.Release|ARM.Deploy.0 = Release|ARM
		{7968998D-B65B-493C-AEB3-499533D49ED1}.Release|iPhone.ActiveCfg = Release|x86
		{7968998D-B65B-493C-AEB3-499533D49ED1}.Release|iPhoneSimulator.ActiveCfg = Release|x86
		{7968998D-B65B-493C-AEB3-499533D49ED1}.Release|x64.ActiveCfg = Release|x64
		{7968998D-B65B-493C-AEB3-499533D49ED1}.Release|x64.Build.0 = Release|x64
		{7968998D-B65B-493C-AEB3-499533D49ED1}.Release|x64.Deploy.0 = Release|x64
		{7968998D-B65B-493C-AEB3-499533D49ED1}.Release|x86.ActiveCfg = Release|x86
		{7968998D-B65B-493C-AEB3-499533D49ED1}.Release|x86.Build.0 = Release|x86
		{7968998D-B65B-493C-AEB3-499533D49ED1}.Release|x86.Deploy.0 = Release|x86
	EndGlobalSection
	GlobalSection(SolutionProperties) = preSolution
		HideSolutionNode = FALSE
	EndGlobalSection
EndGlobal
